
Microsoft Visual Studio Solution File, Format Version 12.00
# Visual Studio Version 17
VisualStudioVersion = 17.0.31903.59
MinimumVisualStudioVersion = 10.0.40219.1
Project("{FAE04EC0-301F-11D3-BF4B-00C04F79EFBC}") = "DesignPattern", "DesignPattern\DesignPattern.csproj", "{A82D974B-0D46-47E6-B484-E7B266717508}"
EndProject
Global
	GlobalSection(SolutionConfigurationPlatforms) = preSolution
		Debug|Any CPU = Debug|Any CPU
		Release|Any CPU = Release|Any CPU
	EndGlobalSection
	GlobalSection(ProjectConfigurationPlatforms) = postSolution
		{A82D974B-0D46-47E6-B484-E7B266717508}.Debug|Any CPU.ActiveCfg = Debug|Any CPU
		{A82D974B-0D46-47E6-B484-E7B266717508}.Debug|Any CPU.Build.0 = Debug|Any CPU
		{A82D974B-0D46-47E6-B484-E7B266717508}.Release|Any CPU.ActiveCfg = Release|Any CPU
		{A82D974B-0D46-47E6-B484-E7B266717508}.Release|Any CPU.Build.0 = Release|Any CPU
	EndGlobalSection
	GlobalSection(SolutionProperties) = preSolution
		HideSolutionNode = FALSE
	EndGlobalSection
	GlobalSection(ExtensibilityGlobals) = postSolution
		SolutionGuid = {043EBCD9-032B-4105-B692-6EE20765FCB9}
	EndGlobalSection
EndGlobal
